
Microsoft Visual Studio Solution File, Format Version 12.00
# Visual Studio Version 16
VisualStudioVersion = 16.0.31829.152
MinimumVisualStudioVersion = 10.0.40219.1
Project("{FAE04EC0-301F-11D3-BF4B-00C04F79EFBC}") = "Preluca_Anca_Lab5", "Preluca_Anca_Lab5.csproj", "{501967EA-D64E-47AE-B7C2-F50F65D6EF2F}"
EndProject
Project("{FAE04EC0-301F-11D3-BF4B-00C04F79EFBC}") = "AutoLotModel", "..\AutoLotModel\AutoLotModel.csproj", "{DED5BA50-D1B0-4A0B-BA88-D0DB84A709A5}"
EndProject
Global
	GlobalSection(SolutionConfigurationPlatforms) = preSolution
		Debug|Any CPU = Debug|Any CPU
		Release|Any CPU = Release|Any CPU
	EndGlobalSection
	GlobalSection(ProjectConfigurationPlatforms) = postSolution
		{501967EA-D64E-47AE-B7C2-F50F65D6EF2F}.Debug|Any CPU.ActiveCfg = Debug|Any CPU
		{501967EA-D64E-47AE-B7C2-F50F65D6EF2F}.Debug|Any CPU.Build.0 = Debug|Any CPU
		{501967EA-D64E-47AE-B7C2-F50F65D6EF2F}.Release|Any CPU.ActiveCfg = Release|Any CPU
		{501967EA-D64E-47AE-B7C2-F50F65D6EF2F}.Release|Any CPU.Build.0 = Release|Any CPU
		{DED5BA50-D1B0-4A0B-BA88-D0DB84A709A5}.Debug|Any CPU.ActiveCfg = Debug|Any CPU
		{DED5BA50-D1B0-4A0B-BA88-D0DB84A709A5}.Debug|Any CPU.Build.0 = Debug|Any CPU
		{DED5BA50-D1B0-4A0B-BA88-D0DB84A709A5}.Release|Any CPU.ActiveCfg = Release|Any CPU
		{DED5BA50-D1B0-4A0B-BA88-D0DB84A709A5}.Release|Any CPU.Build.0 = Release|Any CPU
	EndGlobalSection
	GlobalSection(SolutionProperties) = preSolution
		HideSolutionNode = FALSE
	EndGlobalSection
	GlobalSection(ExtensibilityGlobals) = postSolution
		SolutionGuid = {ABB1E7F2-3CCD-42C0-A9CA-B356C73494C9}
	EndGlobalSection
EndGlobal
